// !$*UTF8*$!
{
	archiveVersion = 1;
	classes = {
	};
	objectVersion = 46;
	objects = {

/* Begin PBXBuildFile section */
		06AD80FD1C6C121500C93D60 /* AppDelegate.swift in Sources */ = {isa = PBXBuildFile; fileRef = 06AD80FC1C6C121500C93D60 /* AppDelegate.swift */; };
		06AD80FF1C6C121500C93D60 /* ViewController.swift in Sources */ = {isa = PBXBuildFile; fileRef = 06AD80FE1C6C121500C93D60 /* ViewController.swift */; };
		06AD81021C6C121500C93D60 /* Main.storyboard in Resources */ = {isa = PBXBuildFile; fileRef = 06AD81001C6C121500C93D60 /* Main.storyboard */; };
		06AD81041C6C121500C93D60 /* Assets.xcassets in Resources */ = {isa = PBXBuildFile; fileRef = 06AD81031C6C121500C93D60 /* Assets.xcassets */; };
		06AD81071C6C121500C93D60 /* LaunchScreen.storyboard in Resources */ = {isa = PBXBuildFile; fileRef = 06AD81051C6C121500C93D60 /* LaunchScreen.storyboard */; };
		06AD81121C6C121500C93D60 /* WordList_2ndTests.swift in Sources */ = {isa = PBXBuildFile; fileRef = 06AD81111C6C121500C93D60 /* WordList_2ndTests.swift */; };
		06AD811D1C6C121500C93D60 /* WordList_2ndUITests.swift in Sources */ = {isa = PBXBuildFile; fileRef = 06AD811C1C6C121500C93D60 /* WordList_2ndUITests.swift */; };
		06AD81321C6C127F00C93D60 /* Default-568h@2x.png in Resources */ = {isa = PBXBuildFile; fileRef = 06AD812C1C6C127F00C93D60 /* Default-568h@2x.png */; };
		06AD81331C6C127F00C93D60 /* Default-667h@2x.png in Resources */ = {isa = PBXBuildFile; fileRef = 06AD812D1C6C127F00C93D60 /* Default-667h@2x.png */; };
		06AD81341C6C127F00C93D60 /* Default-736h@3x.png in Resources */ = {isa = PBXBuildFile; fileRef = 06AD812E1C6C127F00C93D60 /* Default-736h@3x.png */; };
		06AD81351C6C127F00C93D60 /* fin.png in Resources */ = {isa = PBXBuildFile; fileRef = 06AD812F1C6C127F00C93D60 /* fin.png */; };
		06AD81361C6C127F00C93D60 /* title_logo.png in Resources */ = {isa = PBXBuildFile; fileRef = 06AD81301C6C127F00C93D60 /* title_logo.png */; };
		06AD81371C6C127F00C93D60 /* word_blank.png in Resources */ = {isa = PBXBuildFile; fileRef = 06AD81311C6C127F00C93D60 /* word_blank.png */; };
		06AD81391C6C1F3A00C93D60 /* QuestionViewController.swift in Sources */ = {isa = PBXBuildFile; fileRef = 06AD81381C6C1F3A00C93D60 /* QuestionViewController.swift */; };
		06AD813B1C6C1F5300C93D60 /* FinishViewController.swift in Sources */ = {isa = PBXBuildFile; fileRef = 06AD813A1C6C1F5300C93D60 /* FinishViewController.swift */; };
		06AD813D1C6C1F8000C93D60 /* ListTableViewController.swift in Sources */ = {isa = PBXBuildFile; fileRef = 06AD813C1C6C1F8000C93D60 /* ListTableViewController.swift */; };
		06AD813F1C6C1F9B00C93D60 /* AddViewController.swift in Sources */ = {isa = PBXBuildFile; fileRef = 06AD813E1C6C1F9B00C93D60 /* AddViewController.swift */; };
		06AD81421C6C385200C93D60 /* ListTableViewCell.swift in Sources */ = {isa = PBXBuildFile; fileRef = 06AD81401C6C385200C93D60 /* ListTableViewCell.swift */; };
		06AD81431C6C385200C93D60 /* ListTableViewCell.xib in Resources */ = {isa = PBXBuildFile; fileRef = 06AD81411C6C385200C93D60 /* ListTableViewCell.xib */; };
/* End PBXBuildFile section */

/* Begin PBXContainerItemProxy section */
		06AD810E1C6C121500C93D60 /* PBXContainerItemProxy */ = {
			isa = PBXContainerItemProxy;
			containerPortal = 06AD80F11C6C121400C93D60 /* Project object */;
			proxyType = 1;
			remoteGlobalIDString = 06AD80F81C6C121500C93D60;
			remoteInfo = "WordList 2nd";
		};
		06AD81191C6C121500C93D60 /* PBXContainerItemProxy */ = {
			isa = PBXContainerItemProxy;
			containerPortal = 06AD80F11C6C121400C93D60 /* Project object */;
			proxyType = 1;
			remoteGlobalIDString = 06AD80F81C6C121500C93D60;
			remoteInfo = "WordList 2nd";
		};
/* End PBXContainerItemProxy section */

/* Begin PBXFileReference section */
		06AD80F91C6C121500C93D60 /* WordList 2nd.app */ = {isa = PBXFileReference; explicitFileType = wrapper.application; includeInIndex = 0; path = "WordList 2nd.app"; sourceTree = BUILT_PRODUCTS_DIR; };
		06AD80FC1C6C121500C93D60 /* AppDelegate.swift */ = {isa = PBXFileReference; lastKnownFileType = sourcecode.swift; path = AppDelegate.swift; sourceTree = "<group>"; };
		06AD80FE1C6C121500C93D60 /* ViewController.swift */ = {isa = PBXFileReference; lastKnownFileType = sourcecode.swift; path = ViewController.swift; sourceTree = "<group>"; };
		06AD81011C6C121500C93D60 /* Base */ = {isa = PBXFileReference; lastKnownFileType = file.storyboard; name = Base; path = Base.lproj/Main.storyboard; sourceTree = "<group>"; };
		06AD81031C6C121500C93D60 /* Assets.xcassets */ = {isa = PBXFileReference; lastKnownFileType = folder.assetcatalog; path = Assets.xcassets; sourceTree = "<group>"; };
		06AD81061C6C121500C93D60 /* Base */ = {isa = PBXFileReference; lastKnownFileType = file.storyboard; name = Base; path = Base.lproj/LaunchScreen.storyboard; sourceTree = "<group>"; };
		06AD81081C6C121500C93D60 /* Info.plist */ = {isa = PBXFileReference; lastKnownFileType = text.plist.xml; path = Info.plist; sourceTree = "<group>"; };
		06AD810D1C6C121500C93D60 /* WordList 2ndTests.xctest */ = {isa = PBXFileReference; explicitFileType = wrapper.cfbundle; includeInIndex = 0; path = "WordList 2ndTests.xctest"; sourceTree = BUILT_PRODUCTS_DIR; };
		06AD81111C6C121500C93D60 /* WordList_2ndTests.swift */ = {isa = PBXFileReference; lastKnownFileType = sourcecode.swift; path = WordList_2ndTests.swift; sourceTree = "<group>"; };
		06AD81131C6C121500C93D60 /* Info.plist */ = {isa = PBXFileReference; lastKnownFileType = text.plist.xml; path = Info.plist; sourceTree = "<group>"; };
		06AD81181C6C121500C93D60 /* WordList 2ndUITests.xctest */ = {isa = PBXFileReference; explicitFileType = wrapper.cfbundle; includeInIndex = 0; path = "WordList 2ndUITests.xctest"; sourceTree = BUILT_PRODUCTS_DIR; };
		06AD811C1C6C121500C93D60 /* WordList_2ndUITests.swift */ = {isa = PBXFileReference; lastKnownFileType = sourcecode.swift; path = WordList_2ndUITests.swift; sourceTree = "<group>"; };
		06AD811E1C6C121500C93D60 /* Info.plist */ = {isa = PBXFileReference; lastKnownFileType = text.plist.xml; path = Info.plist; sourceTree = "<group>"; };
		06AD812C1C6C127F00C93D60 /* Default-568h@2x.png */ = {isa = PBXFileReference; lastKnownFileType = image.png; path = "Default-568h@2x.png"; sourceTree = "<group>"; };
		06AD812D1C6C127F00C93D60 /* Default-667h@2x.png */ = {isa = PBXFileReference; lastKnownFileType = image.png; path = "Default-667h@2x.png"; sourceTree = "<group>"; };
		06AD812E1C6C127F00C93D60 /* Default-736h@3x.png */ = {isa = PBXFileReference; lastKnownFileType = image.png; path = "Default-736h@3x.png"; sourceTree = "<group>"; };
		06AD812F1C6C127F00C93D60 /* fin.png */ = {isa = PBXFileReference; lastKnownFileType = image.png; path = fin.png; sourceTree = "<group>"; };
		06AD81301C6C127F00C93D60 /* title_logo.png */ = {isa = PBXFileReference; lastKnownFileType = image.png; path = title_logo.png; sourceTree = "<group>"; };
		06AD81311C6C127F00C93D60 /* word_blank.png */ = {isa = PBXFileReference; lastKnownFileType = image.png; path = word_blank.png; sourceTree = "<group>"; };
		06AD81381C6C1F3A00C93D60 /* QuestionViewController.swift */ = {isa = PBXFileReference; fileEncoding = 4; lastKnownFileType = sourcecode.swift; path = QuestionViewController.swift; sourceTree = "<group>"; };
		06AD813A1C6C1F5300C93D60 /* FinishViewController.swift */ = {isa = PBXFileReference; fileEncoding = 4; lastKnownFileType = sourcecode.swift; path = FinishViewController.swift; sourceTree = "<group>"; };
		06AD813C1C6C1F8000C93D60 /* ListTableViewController.swift */ = {isa = PBXFileReference; fileEncoding = 4; lastKnownFileType = sourcecode.swift; path = ListTableViewController.swift; sourceTree = "<group>"; };
		06AD813E1C6C1F9B00C93D60 /* AddViewController.swift */ = {isa = PBXFileReference; fileEncoding = 4; lastKnownFileType = sourcecode.swift; path = AddViewController.swift; sourceTree = "<group>"; };
		06AD81401C6C385200C93D60 /* ListTableViewCell.swift */ = {isa = PBXFileReference; fileEncoding = 4; lastKnownFileType = sourcecode.swift; path = ListTableViewCell.swift; sourceTree = "<group>"; };
		06AD81411C6C385200C93D60 /* ListTableViewCell.xib */ = {isa = PBXFileReference; fileEncoding = 4; lastKnownFileType = file.xib; path = ListTableViewCell.xib; sourceTree = "<group>"; };
/* End PBXFileReference section */

/* Begin PBXFrameworksBuildPhase section */
		06AD80F61C6C121500C93D60 /* Frameworks */ = {
			isa = PBXFrameworksBuildPhase;
			buildActionMask = 2147483647;
			files = (
			);
			runOnlyForDeploymentPostprocessing = 0;
		};
		06AD810A1C6C121500C93D60 /* Frameworks */ = {
			isa = PBXFrameworksBuildPhase;
			buildActionMask = 2147483647;
			files = (
			);
			runOnlyForDeploymentPostprocessing = 0;
		};
		06AD81151C6C121500C93D60 /* Frameworks */ = {
			isa = PBXFrameworksBuildPhase;
			buildActionMask = 2147483647;
			files = (
			);
			runOnlyForDeploymentPostprocessing = 0;
		};
/* End PBXFrameworksBuildPhase section */

/* Begin PBXGroup section */
		06AD80F01C6C121400C93D60 = {
			isa = PBXGroup;
			children = (
				06AD80FB1C6C121500C93D60 /* WordList 2nd */,
				06AD81101C6C121500C93D60 /* WordList 2ndTests */,
				06AD811B1C6C121500C93D60 /* WordList 2ndUITests */,
				06AD80FA1C6C121500C93D60 /* Products */,
			);
			sourceTree = "<group>";
		};
		06AD80FA1C6C121500C93D60 /* Products */ = {
			isa = PBXGroup;
			children = (
				06AD80F91C6C121500C93D60 /* WordList 2nd.app */,
				06AD810D1C6C121500C93D60 /* WordList 2ndTests.xctest */,
				06AD81181C6C121500C93D60 /* WordList 2ndUITests.xctest */,
			);
			name = Products;
			sourceTree = "<group>";
		};
		06AD80FB1C6C121500C93D60 /* WordList 2nd */ = {
			isa = PBXGroup;
			children = (
				06AD812A1C6C127F00C93D60 /* WordList素材 */,
				06AD80FC1C6C121500C93D60 /* AppDelegate.swift */,
				06AD81001C6C121500C93D60 /* Main.storyboard */,
				06AD81031C6C121500C93D60 /* Assets.xcassets */,
				06AD81051C6C121500C93D60 /* LaunchScreen.storyboard */,
				06AD81081C6C121500C93D60 /* Info.plist */,
				06AD80FE1C6C121500C93D60 /* ViewController.swift */,
				06AD81381C6C1F3A00C93D60 /* QuestionViewController.swift */,
				06AD813A1C6C1F5300C93D60 /* FinishViewController.swift */,
				06AD813C1C6C1F8000C93D60 /* ListTableViewController.swift */,
				06AD813E1C6C1F9B00C93D60 /* AddViewController.swift */,
				06AD81401C6C385200C93D60 /* ListTableViewCell.swift */,
				06AD81411C6C385200C93D60 /* ListTableViewCell.xib */,
			);
			path = "WordList 2nd";
			sourceTree = "<group>";
		};
		06AD81101C6C121500C93D60 /* WordList 2ndTests */ = {
			isa = PBXGroup;
			children = (
				06AD81111C6C121500C93D60 /* WordList_2ndTests.swift */,
				06AD81131C6C121500C93D60 /* Info.plist */,
			);
			path = "WordList 2ndTests";
			sourceTree = "<group>";
		};
		06AD811B1C6C121500C93D60 /* WordList 2ndUITests */ = {
			isa = PBXGroup;
			children = (
				06AD811C1C6C121500C93D60 /* WordList_2ndUITests.swift */,
				06AD811E1C6C121500C93D60 /* Info.plist */,
			);
			path = "WordList 2ndUITests";
			sourceTree = "<group>";
		};
		06AD812A1C6C127F00C93D60 /* WordList素材 */ = {
			isa = PBXGroup;
			children = (
				06AD812B1C6C127F00C93D60 /* Defaults */,
				06AD812F1C6C127F00C93D60 /* fin.png */,
				06AD81301C6C127F00C93D60 /* title_logo.png */,
				06AD81311C6C127F00C93D60 /* word_blank.png */,
			);
			path = "WordList素材";
			sourceTree = "<group>";
		};
		06AD812B1C6C127F00C93D60 /* Defaults */ = {
			isa = PBXGroup;
			children = (
				06AD812C1C6C127F00C93D60 /* Default-568h@2x.png */,
				06AD812D1C6C127F00C93D60 /* Default-667h@2x.png */,
				06AD812E1C6C127F00C93D60 /* Default-736h@3x.png */,
			);
			path = Defaults;
			sourceTree = "<group>";
		};
/* End PBXGroup section */

/* Begin PBXNativeTarget section */
		06AD80F81C6C121500C93D60 /* WordList 2nd */ = {
			isa = PBXNativeTarget;
			buildConfigurationList = 06AD81211C6C121500C93D60 /* Build configuration list for PBXNativeTarget "WordList 2nd" */;
			buildPhases = (
				06AD80F51C6C121500C93D60 /* Sources */,
				06AD80F61C6C121500C93D60 /* Frameworks */,
				06AD80F71C6C121500C93D60 /* Resources */,
			);
			buildRules = (
			);
			dependencies = (
			);
			name = "WordList 2nd";
			productName = "WordList 2nd";
			productReference = 06AD80F91C6C121500C93D60 /* WordList 2nd.app */;
			productType = "com.apple.product-type.application";
		};
		06AD810C1C6C121500C93D60 /* WordList 2ndTests */ = {
			isa = PBXNativeTarget;
			buildConfigurationList = 06AD81241C6C121500C93D60 /* Build configuration list for PBXNativeTarget "WordList 2ndTests" */;
			buildPhases = (
				06AD81091C6C121500C93D60 /* Sources */,
				06AD810A1C6C121500C93D60 /* Frameworks */,
				06AD810B1C6C121500C93D60 /* Resources */,
			);
			buildRules = (
			);
			dependencies = (
				06AD810F1C6C121500C93D60 /* PBXTargetDependency */,
			);
			name = "WordList 2ndTests";
			productName = "WordList 2ndTests";
			productReference = 06AD810D1C6C121500C93D60 /* WordList 2ndTests.xctest */;
			productType = "com.apple.product-type.bundle.unit-test";
		};
		06AD81171C6C121500C93D60 /* WordList 2ndUITests */ = {
			isa = PBXNativeTarget;
			buildConfigurationList = 06AD81271C6C121500C93D60 /* Build configuration list for PBXNativeTarget "WordList 2ndUITests" */;
			buildPhases = (
				06AD81141C6C121500C93D60 /* Sources */,
				06AD81151C6C121500C93D60 /* Frameworks */,
				06AD81161C6C121500C93D60 /* Resources */,
			);
			buildRules = (
			);
			dependencies = (
				06AD811A1C6C121500C93D60 /* PBXTargetDependency */,
			);
			name = "WordList 2ndUITests";
			productName = "WordList 2ndUITests";
			productReference = 06AD81181C6C121500C93D60 /* WordList 2ndUITests.xctest */;
			productType = "com.apple.product-type.bundle.ui-testing";
		};
/* End PBXNativeTarget section */

/* Begin PBXProject section */
		06AD80F11C6C121400C93D60 /* Project object */ = {
			isa = PBXProject;
			attributes = {
				LastSwiftUpdateCheck = 0720;
				LastUpgradeCheck = 0720;
				ORGANIZATIONNAME = "平山大翼";
				TargetAttributes = {
					06AD80F81C6C121500C93D60 = {
						CreatedOnToolsVersion = 7.2;
					};
					06AD810C1C6C121500C93D60 = {
						CreatedOnToolsVersion = 7.2;
						TestTargetID = 06AD80F81C6C121500C93D60;
					};
					06AD81171C6C121500C93D60 = {
						CreatedOnToolsVersion = 7.2;
						TestTargetID = 06AD80F81C6C121500C93D60;
					};
				};
			};
			buildConfigurationList = 06AD80F41C6C121400C93D60 /* Build configuration list for PBXProject "WordList 2nd" */;
			compatibilityVersion = "Xcode 3.2";
			developmentRegion = English;
			hasScannedForEncodings = 0;
			knownRegions = (
				en,
				Base,
			);
			mainGroup = 06AD80F01C6C121400C93D60;
			productRefGroup = 06AD80FA1C6C121500C93D60 /* Products */;
			projectDirPath = "";
			projectRoot = "";
			targets = (
				06AD80F81C6C121500C93D60 /* WordList 2nd */,
				06AD810C1C6C121500C93D60 /* WordList 2ndTests */,
				06AD81171C6C121500C93D60 /* WordList 2ndUITests */,
			);
		};
/* End PBXProject section */

/* Begin PBXResourcesBuildPhase section */
		06AD80F71C6C121500C93D60 /* Resources */ = {
			isa = PBXResourcesBuildPhase;
			buildActionMask = 2147483647;
			files = (
				06AD81071C6C121500C93D60 /* LaunchScreen.storyboard in Resources */,
				06AD81351C6C127F00C93D60 /* fin.png in Resources */,
				06AD81321C6C127F00C93D60 /* Default-568h@2x.png in Resources */,
				06AD81361C6C127F00C93D60 /* title_logo.png in Resources */,
				06AD81041C6C121500C93D60 /* Assets.xcassets in Resources */,
				06AD81371C6C127F00C93D60 /* word_blank.png in Resources */,
				06AD81021C6C121500C93D60 /* Main.storyboard in Resources */,
				06AD81331C6C127F00C93D60 /* Default-667h@2x.png in Resources */,
				06AD81341C6C127F00C93D60 /* Default-736h@3x.png in Resources */,
				06AD81431C6C385200C93D60 /* ListTableViewCell.xib in Resources */,
			);
			runOnlyForDeploymentPostprocessing = 0;
		};
		06AD810B1C6C121500C93D60 /* Resources */ = {
			isa = PBXResourcesBuildPhase;
			buildActionMask = 2147483647;
			files = (
			);
			runOnlyForDeploymentPostprocessing = 0;
		};
		06AD81161C6C121500C93D60 /* Resources */ = {
			isa = PBXResourcesBuildPhase;
			buildActionMask = 2147483647;
			files = (
			);
			runOnlyForDeploymentPostprocessing = 0;
		};
/* End PBXResourcesBuildPhase section */

/* Begin PBXSourcesBuildPhase section */
		06AD80F51C6C121500C93D60 /* Sources */ = {
			isa = PBXSourcesBuildPhase;
			buildActionMask = 2147483647;
			files = (
				06AD81421C6C385200C93D60 /* ListTableViewCell.swift in Sources */,
				06AD80FF1C6C121500C93D60 /* ViewController.swift in Sources */,
				06AD813B1C6C1F5300C93D60 /* FinishViewController.swift in Sources */,
				06AD813F1C6C1F9B00C93D60 /* AddViewController.swift in Sources */,
				06AD80FD1C6C121500C93D60 /* AppDelegate.swift in Sources */,
				06AD813D1C6C1F8000C93D60 /* ListTableViewController.swift in Sources */,
				06AD81391C6C1F3A00C93D60 /* QuestionViewController.swift in Sources */,
			);
			runOnlyForDeploymentPostprocessing = 0;
		};
		06AD81091C6C121500C93D60 /* Sources */ = {
			isa = PBXSourcesBuildPhase;
			buildActionMask = 2147483647;
			files = (
				06AD81121C6C121500C93D60 /* WordList_2ndTests.swift in Sources */,
			);
			runOnlyForDeploymentPostprocessing = 0;
		};
		06AD81141C6C121500C93D60 /* Sources */ = {
			isa = PBXSourcesBuildPhase;
			buildActionMask = 2147483647;
			files = (
				06AD811D1C6C121500C93D60 /* WordList_2ndUITests.swift in Sources */,
			);
			runOnlyForDeploymentPostprocessing = 0;
		};
/* End PBXSourcesBuildPhase section */

/* Begin PBXTargetDependency section */
		06AD810F1C6C121500C93D60 /* PBXTargetDependency */ = {
			isa = PBXTargetDependency;
			target = 06AD80F81C6C121500C93D60 /* WordList 2nd */;
			targetProxy = 06AD810E1C6C121500C93D60 /* PBXContainerItemProxy */;
		};
		06AD811A1C6C121500C93D60 /* PBXTargetDependency */ = {
			isa = PBXTargetDependency;
			target = 06AD80F81C6C121500C93D60 /* WordList 2nd */;
			targetProxy = 06AD81191C6C121500C93D60 /* PBXContainerItemProxy */;
		};
/* End PBXTargetDependency section */

/* Begin PBXVariantGroup section */
		06AD81001C6C121500C93D60 /* Main.storyboard */ = {
			isa = PBXVariantGroup;
			children = (
				06AD81011C6C121500C93D60 /* Base */,
			);
			name = Main.storyboard;
			sourceTree = "<group>";
		};
		06AD81051C6C121500C93D60 /* LaunchScreen.storyboard */ = {
			isa = PBXVariantGroup;
			children = (
				06AD81061C6C121500C93D60 /* Base */,
			);
			name = LaunchScreen.storyboard;
			sourceTree = "<group>";
		};
/* End PBXVariantGroup section */

/* Begin XCBuildConfiguration section */
		06AD811F1C6C121500C93D60 /* Debug */ = {
			isa = XCBuildConfiguration;
			buildSettings = {
				ALWAYS_SEARCH_USER_PATHS = NO;
				CLANG_CXX_LANGUAGE_STANDARD = "gnu++0x";
				CLANG_CXX_LIBRARY = "libc++";
				CLANG_ENABLE_MODULES = YES;
				CLANG_ENABLE_OBJC_ARC = YES;
				CLANG_WARN_BOOL_CONVERSION = YES;
				CLANG_WARN_CONSTANT_CONVERSION = YES;
				CLANG_WARN_DIRECT_OBJC_ISA_USAGE = YES_ERROR;
				CLANG_WARN_EMPTY_BODY = YES;
				CLANG_WARN_ENUM_CONVERSION = YES;
				CLANG_WARN_INT_CONVERSION = YES;
				CLANG_WARN_OBJC_ROOT_CLASS = YES_ERROR;
				CLANG_WARN_UNREACHABLE_CODE = YES;
				CLANG_WARN__DUPLICATE_METHOD_MATCH = YES;
				"CODE_SIGN_IDENTITY[sdk=iphoneos*]" = "iPhone Developer";
				COPY_PHASE_STRIP = NO;
				DEBUG_INFORMATION_FORMAT = dwarf;
				ENABLE_STRICT_OBJC_MSGSEND = YES;
				ENABLE_TESTABILITY = YES;
				GCC_C_LANGUAGE_STANDARD = gnu99;
				GCC_DYNAMIC_NO_PIC = NO;
				GCC_NO_COMMON_BLOCKS = YES;
				GCC_OPTIMIZATION_LEVEL = 0;
				GCC_PREPROCESSOR_DEFINITIONS = (
					"DEBUG=1",
					"$(inherited)",
				);
				GCC_WARN_64_TO_32_BIT_CONVERSION = YES;
				GCC_WARN_ABOUT_RETURN_TYPE = YES_ERROR;
				GCC_WARN_UNDECLARED_SELECTOR = YES;
				GCC_WARN_UNINITIALIZED_AUTOS = YES_AGGRESSIVE;
				GCC_WARN_UNUSED_FUNCTION = YES;
				GCC_WARN_UNUSED_VARIABLE = YES;
				IPHONEOS_DEPLOYMENT_TARGET = 9.2;
				MTL_ENABLE_DEBUG_INFO = YES;
				ONLY_ACTIVE_ARCH = YES;
				SDKROOT = iphoneos;
				SWIFT_OPTIMIZATION_LEVEL = "-Onone";
			};
			name = Debug;
		};
		06AD81201C6C121500C93D60 /* Release */ = {
			isa = XCBuildConfiguration;
			buildSettings = {
				ALWAYS_SEARCH_USER_PATHS = NO;
				CLANG_CXX_LANGUAGE_STANDARD = "gnu++0x";
				CLANG_CXX_LIBRARY = "libc++";
				CLANG_ENABLE_MODULES = YES;
				CLANG_ENABLE_OBJC_ARC = YES;
				CLANG_WARN_BOOL_CONVERSION = YES;
				CLANG_WARN_CONSTANT_CONVERSION = YES;
				CLANG_WARN_DIRECT_OBJC_ISA_USAGE = YES_ERROR;
				CLANG_WARN_EMPTY_BODY = YES;
				CLANG_WARN_ENUM_CONVERSION = YES;
				CLANG_WARN_INT_CONVERSION = YES;
				CLANG_WARN_OBJC_ROOT_CLASS = YES_ERROR;
				CLANG_WARN_UNREACHABLE_CODE = YES;
				CLANG_WARN__DUPLICATE_METHOD_MATCH = YES;
				"CODE_SIGN_IDENTITY[sdk=iphoneos*]" = "iPhone Developer";
				COPY_PHASE_STRIP = NO;
				DEBUG_INFORMATION_FORMAT = "dwarf-with-dsym";
				ENABLE_NS_ASSERTIONS = NO;
				ENABLE_STRICT_OBJC_MSGSEND = YES;
				GCC_C_LANGUAGE_STANDARD = gnu99;
				GCC_NO_COMMON_BLOCKS = YES;
				GCC_WARN_64_TO_32_BIT_CONVERSION = YES;
				GCC_WARN_ABOUT_RETURN_TYPE = YES_ERROR;
				GCC_WARN_UNDECLARED_SELECTOR = YES;
				GCC_WARN_UNINITIALIZED_AUTOS = YES_AGGRESSIVE;
				GCC_WARN_UNUSED_FUNCTION = YES;
				GCC_WARN_UNUSED_VARIABLE = YES;
				IPHONEOS_DEPLOYMENT_TARGET = 9.2;
				MTL_ENABLE_DEBUG_INFO = NO;
				SDKROOT = iphoneos;
				VALIDATE_PRODUCT = YES;
			};
			name = Release;
		};
		06AD81221C6C121500C93D60 /* Debug */ = {
			isa = XCBuildConfiguration;
			buildSettings = {
				ASSETCATALOG_COMPILER_APPICON_NAME = AppIcon;
				INFOPLIST_FILE = "WordList 2nd/Info.plist";
				LD_RUNPATH_SEARCH_PATHS = "$(inherited) @executable_path/Frameworks";
				PRODUCT_BUNDLE_IDENTIFIER = "hirayama.WordList-2nd";
				PRODUCT_NAME = "$(TARGET_NAME)";
			};
			name = Debug;
		};
		06AD81231C6C121500C93D60 /* Release */ = {
			isa = XCBuildConfiguration;
			buildSettings = {
				ASSETCATALOG_COMPILER_APPICON_NAME = AppIcon;
				INFOPLIST_FILE = "WordList 2nd/Info.plist";
				LD_RUNPATH_SEARCH_PATHS = "$(inherited) @executable_path/Frameworks";
				PRODUCT_BUNDLE_IDENTIFIER = "hirayama.WordList-2nd";
				PRODUCT_NAME = "$(TARGET_NAME)";
			};
			name = Release;
		};
		06AD81251C6C121500C93D60 /* Debug */ = {
			isa = XCBuildConfiguration;
			buildSettings = {
				BUNDLE_LOADER = "$(TEST_HOST)";
				INFOPLIST_FILE = "WordList 2ndTests/Info.plist";
				LD_RUNPATH_SEARCH_PATHS = "$(inherited) @executable_path/Frameworks @loader_path/Frameworks";
				PRODUCT_BUNDLE_IDENTIFIER = "hirayama.WordList-2ndTests";
				PRODUCT_NAME = "$(TARGET_NAME)";
				TEST_HOST = "$(BUILT_PRODUCTS_DIR)/WordList 2nd.app/WordList 2nd";
			};
			name = Debug;
		};
		06AD81261C6C121500C93D60 /* Release */ = {
			isa = XCBuildConfiguration;
			buildSettings = {
				BUNDLE_LOADER = "$(TEST_HOST)";
				INFOPLIST_FILE = "WordList 2ndTests/Info.plist";
				LD_RUNPATH_SEARCH_PATHS = "$(inherited) @executable_path/Frameworks @loader_path/Frameworks";
				PRODUCT_BUNDLE_IDENTIFIER = "hirayama.WordList-2ndTests";
				PRODUCT_NAME = "$(TARGET_NAME)";
				TEST_HOST = "$(BUILT_PRODUCTS_DIR)/WordList 2nd.app/WordList 2nd";
			};
			name = Release;
		};
		06AD81281C6C121500C93D60 /* Debug */ = {
			isa = XCBuildConfiguration;
			buildSettings = {
				INFOPLIST_FILE = "WordList 2ndUITests/Info.plist";
				LD_RUNPATH_SEARCH_PATHS = "$(inherited) @executable_path/Frameworks @loader_path/Frameworks";
				PRODUCT_BUNDLE_IDENTIFIER = "hirayama.WordList-2ndUITests";
				PRODUCT_NAME = "$(TARGET_NAME)";
				TEST_TARGET_NAME = "WordList 2nd";
				USES_XCTRUNNER = YES;
			};
			name = Debug;
		};
		06AD81291C6C121500C93D60 /* Release */ = {
			isa = XCBuildConfiguration;
			buildSettings = {
				INFOPLIST_FILE = "WordList 2ndUITests/Info.plist";
				LD_RUNPATH_SEARCH_PATHS = "$(inherited) @executable_path/Frameworks @loader_path/Frameworks";
				PRODUCT_BUNDLE_IDENTIFIER = "hirayama.WordList-2ndUITests";
				PRODUCT_NAME = "$(TARGET_NAME)";
				TEST_TARGET_NAME = "WordList 2nd";
				USES_XCTRUNNER = YES;
			};
			name = Release;
		};
/* End XCBuildConfiguration section */

/* Begin XCConfigurationList section */
		06AD80F41C6C121400C93D60 /* Build configuration list for PBXProject "WordList 2nd" */ = {
			isa = XCConfigurationList;
			buildConfigurations = (
				06AD811F1C6C121500C93D60 /* Debug */,
				06AD81201C6C121500C93D60 /* Release */,
			);
			defaultConfigurationIsVisible = 0;
			defaultConfigurationName = Release;
		};
		06AD81211C6C121500C93D60 /* Build configuration list for PBXNativeTarget "WordList 2nd" */ = {
			isa = XCConfigurationList;
			buildConfigurations = (
				06AD81221C6C121500C93D60 /* Debug */,
				06AD81231C6C121500C93D60 /* Release */,
			);
			defaultConfigurationIsVisible = 0;
		};
		06AD81241C6C121500C93D60 /* Build configuration list for PBXNativeTarget "WordList 2ndTests" */ = {
			isa = XCConfigurationList;
			buildConfigurations = (
				06AD81251C6C121500C93D60 /* Debug */,
				06AD81261C6C121500C93D60 /* Release */,
			);
			defaultConfigurationIsVisible = 0;
		};
		06AD81271C6C121500C93D60 /* Build configuration list for PBXNativeTarget "WordList 2ndUITests" */ = {
			isa = XCConfigurationList;
			buildConfigurations = (
				06AD81281C6C121500C93D60 /* Debug */,
				06AD81291C6C121500C93D60 /* Release */,
			);
			defaultConfigurationIsVisible = 0;
		};
/* End XCConfigurationList section */
	};
	rootObject = 06AD80F11C6C121400C93D60 /* Project object */;
}
